
Microsoft Visual Studio Solution File, Format Version 12.00
# Visual Studio Version 17
VisualStudioVersion = 17.11.35312.102
MinimumVisualStudioVersion = 10.0.40219.1
Project("{FAE04EC0-301F-11D3-BF4B-00C04F79EFBC}") = "TPCGrupo8A", "TPCGrupo8A\TPCGrupo8A.csproj", "{2D7972EC-D8A7-49FE-94D7-C2BEE111BD55}"
EndProject
Project("{FAE04EC0-301F-11D3-BF4B-00C04F79EFBC}") = "Datos", "Datos\Datos.csproj", "{D55C1545-E94B-4942-871C-7762939BD457}"
EndProject
Project("{FAE04EC0-301F-11D3-BF4B-00C04F79EFBC}") = "Dominio", "Dominio\Dominio.csproj", "{0FA01E14-4E75-46E1-85CA-22CB28713363}"
EndProject
Project("{FAE04EC0-301F-11D3-BF4B-00C04F79EFBC}") = "Negocio", "Negocio\Negocio.csproj", "{F2BBCABD-7371-4651-AC38-85B39FFD1C7B}"
EndProject
Global
	GlobalSection(SolutionConfigurationPlatforms) = preSolution
		Debug|Any CPU = Debug|Any CPU
		Release|Any CPU = Release|Any CPU
	EndGlobalSection
	GlobalSection(ProjectConfigurationPlatforms) = postSolution
		{2D7972EC-D8A7-49FE-94D7-C2BEE111BD55}.Debug|Any CPU.ActiveCfg = Debug|Any CPU
		{2D7972EC-D8A7-49FE-94D7-C2BEE111BD55}.Debug|Any CPU.Build.0 = Debug|Any CPU
		{2D7972EC-D8A7-49FE-94D7-C2BEE111BD55}.Release|Any CPU.ActiveCfg = Release|Any CPU
		{2D7972EC-D8A7-49FE-94D7-C2BEE111BD55}.Release|Any CPU.Build.0 = Release|Any CPU
		{D55C1545-E94B-4942-871C-7762939BD457}.Debug|Any CPU.ActiveCfg = Debug|Any CPU
		{D55C1545-E94B-4942-871C-7762939BD457}.Debug|Any CPU.Build.0 = Debug|Any CPU
		{D55C1545-E94B-4942-871C-7762939BD457}.Release|Any CPU.ActiveCfg = Release|Any CPU
		{D55C1545-E94B-4942-871C-7762939BD457}.Release|Any CPU.Build.0 = Release|Any CPU
		{0FA01E14-4E75-46E1-85CA-22CB28713363}.Debug|Any CPU.ActiveCfg = Debug|Any CPU
		{0FA01E14-4E75-46E1-85CA-22CB28713363}.Debug|Any CPU.Build.0 = Debug|Any CPU
		{0FA01E14-4E75-46E1-85CA-22CB28713363}.Release|Any CPU.ActiveCfg = Release|Any CPU
		{0FA01E14-4E75-46E1-85CA-22CB28713363}.Release|Any CPU.Build.0 = Release|Any CPU
		{F2BBCABD-7371-4651-AC38-85B39FFD1C7B}.Debug|Any CPU.ActiveCfg = Debug|Any CPU
		{F2BBCABD-7371-4651-AC38-85B39FFD1C7B}.Debug|Any CPU.Build.0 = Debug|Any CPU
		{F2BBCABD-7371-4651-AC38-85B39FFD1C7B}.Release|Any CPU.ActiveCfg = Release|Any CPU
		{F2BBCABD-7371-4651-AC38-85B39FFD1C7B}.Release|Any CPU.Build.0 = Release|Any CPU
	EndGlobalSection
	GlobalSection(SolutionProperties) = preSolution
		HideSolutionNode = FALSE
	EndGlobalSection
	GlobalSection(ExtensibilityGlobals) = postSolution
		SolutionGuid = {A6636F20-47F5-4838-BF55-A7EEE83DF05B}
	EndGlobalSection
EndGlobal
